// !$*UTF8*$!
{
	archiveVersion = 1;
	classes = {
	};
	objectVersion = 46;
	objects = {

/* Begin PBXBuildFile section */
		F6D4E4F81F29C6BF00EC06AF /* AppDelegate.swift in Sources */ = {isa = PBXBuildFile; fileRef = F6D4E4F71F29C6BF00EC06AF /* AppDelegate.swift */; };
		F6D4E4FF1F29C6BF00EC06AF /* Assets.xcassets in Resources */ = {isa = PBXBuildFile; fileRef = F6D4E4FE1F29C6BF00EC06AF /* Assets.xcassets */; };
		F6D4E5021F29C6BF00EC06AF /* LaunchScreen.storyboard in Resources */ = {isa = PBXBuildFile; fileRef = F6D4E5001F29C6BF00EC06AF /* LaunchScreen.storyboard */; };
		F6D4E5121F29C6F500EC06AF /* Main.storyboard in Resources */ = {isa = PBXBuildFile; fileRef = F6D4E5091F29C6F500EC06AF /* Main.storyboard */; };
		F6D4E5131F29C6F500EC06AF /* BasePageChildViewController.swift in Sources */ = {isa = PBXBuildFile; fileRef = F6D4E50A1F29C6F500EC06AF /* BasePageChildViewController.swift */; };
		F6D4E5141F29C6F500EC06AF /* HelloWorldViewController.swift in Sources */ = {isa = PBXBuildFile; fileRef = F6D4E50B1F29C6F500EC06AF /* HelloWorldViewController.swift */; };
		F6D4E5151F29C6F500EC06AF /* LabelCollectionViewCell.swift in Sources */ = {isa = PBXBuildFile; fileRef = F6D4E50C1F29C6F500EC06AF /* LabelCollectionViewCell.swift */; };
		F6D4E5161F29C6F500EC06AF /* LabelCollectionViewCell.xib in Resources */ = {isa = PBXBuildFile; fileRef = F6D4E50D1F29C6F500EC06AF /* LabelCollectionViewCell.xib */; };
		F6D4E5171F29C6F500EC06AF /* MainViewController.swift in Sources */ = {isa = PBXBuildFile; fileRef = F6D4E50E1F29C6F500EC06AF /* MainViewController.swift */; };
		F6D4E5181F29C6F500EC06AF /* SideScrollViewController.swift in Sources */ = {isa = PBXBuildFile; fileRef = F6D4E50F1F29C6F500EC06AF /* SideScrollViewController.swift */; };
		F6D4E5191F29C6F500EC06AF /* SpecificBaseViewController.swift in Sources */ = {isa = PBXBuildFile; fileRef = F6D4E5101F29C6F500EC06AF /* SpecificBaseViewController.swift */; };
		F6D4E51A1F29C6F500EC06AF /* ViewController.swift in Sources */ = {isa = PBXBuildFile; fileRef = F6D4E5111F29C6F500EC06AF /* ViewController.swift */; };
		F6D4E51E1F29CA9600EC06AF /* HomeViewController.swift in Sources */ = {isa = PBXBuildFile; fileRef = F6D4E51D1F29CA9600EC06AF /* HomeViewController.swift */; };
		F6D4E5231F29D0BC00EC06AF /* MainCollectionViewCell.swift in Sources */ = {isa = PBXBuildFile; fileRef = F6D4E5211F29D0BC00EC06AF /* MainCollectionViewCell.swift */; };
		F6D4E5241F29D0BC00EC06AF /* MainCollectionViewCell.xib in Resources */ = {isa = PBXBuildFile; fileRef = F6D4E5221F29D0BC00EC06AF /* MainCollectionViewCell.xib */; };
		F6D4E5271F29D52000EC06AF /* TabBarViewController.swift in Sources */ = {isa = PBXBuildFile; fileRef = F6D4E5261F29D52000EC06AF /* TabBarViewController.swift */; };
		F6D4E5291F29D68000EC06AF /* MainCollectionViewController.swift in Sources */ = {isa = PBXBuildFile; fileRef = F6D4E5281F29D68000EC06AF /* MainCollectionViewController.swift */; };
/* End PBXBuildFile section */

/* Begin PBXFileReference section */
		F6D4E4F41F29C6BF00EC06AF /* ScorllableTabBar.app */ = {isa = PBXFileReference; explicitFileType = wrapper.application; includeInIndex = 0; path = ScorllableTabBar.app; sourceTree = BUILT_PRODUCTS_DIR; };
		F6D4E4F71F29C6BF00EC06AF /* AppDelegate.swift */ = {isa = PBXFileReference; lastKnownFileType = sourcecode.swift; path = AppDelegate.swift; sourceTree = "<group>"; };
		F6D4E4FE1F29C6BF00EC06AF /* Assets.xcassets */ = {isa = PBXFileReference; lastKnownFileType = folder.assetcatalog; path = Assets.xcassets; sourceTree = "<group>"; };
		F6D4E5011F29C6BF00EC06AF /* Base */ = {isa = PBXFileReference; lastKnownFileType = file.storyboard; name = Base; path = Base.lproj/LaunchScreen.storyboard; sourceTree = "<group>"; };
		F6D4E5031F29C6BF00EC06AF /* Info.plist */ = {isa = PBXFileReference; lastKnownFileType = text.plist.xml; path = Info.plist; sourceTree = "<group>"; };
		F6D4E5091F29C6F500EC06AF /* Main.storyboard */ = {isa = PBXFileReference; fileEncoding = 4; lastKnownFileType = file.storyboard; path = Main.storyboard; sourceTree = "<group>"; };
		F6D4E50A1F29C6F500EC06AF /* BasePageChildViewController.swift */ = {isa = PBXFileReference; fileEncoding = 4; lastKnownFileType = sourcecode.swift; path = BasePageChildViewController.swift; sourceTree = "<group>"; };
		F6D4E50B1F29C6F500EC06AF /* HelloWorldViewController.swift */ = {isa = PBXFileReference; fileEncoding = 4; lastKnownFileType = sourcecode.swift; path = HelloWorldViewController.swift; sourceTree = "<group>"; };
		F6D4E50C1F29C6F500EC06AF /* LabelCollectionViewCell.swift */ = {isa = PBXFileReference; fileEncoding = 4; lastKnownFileType = sourcecode.swift; path = LabelCollectionViewCell.swift; sourceTree = "<group>"; };
		F6D4E50D1F29C6F500EC06AF /* LabelCollectionViewCell.xib */ = {isa = PBXFileReference; fileEncoding = 4; lastKnownFileType = file.xib; path = LabelCollectionViewCell.xib; sourceTree = "<group>"; };
		F6D4E50E1F29C6F500EC06AF /* MainViewController.swift */ = {isa = PBXFileReference; fileEncoding = 4; lastKnownFileType = sourcecode.swift; path = MainViewController.swift; sourceTree = "<group>"; };
		F6D4E50F1F29C6F500EC06AF /* SideScrollViewController.swift */ = {isa = PBXFileReference; fileEncoding = 4; lastKnownFileType = sourcecode.swift; path = SideScrollViewController.swift; sourceTree = "<group>"; };
		F6D4E5101F29C6F500EC06AF /* SpecificBaseViewController.swift */ = {isa = PBXFileReference; fileEncoding = 4; lastKnownFileType = sourcecode.swift; path = SpecificBaseViewController.swift; sourceTree = "<group>"; };
		F6D4E5111F29C6F500EC06AF /* ViewController.swift */ = {isa = PBXFileReference; fileEncoding = 4; lastKnownFileType = sourcecode.swift; path = ViewController.swift; sourceTree = "<group>"; };
		F6D4E51D1F29CA9600EC06AF /* HomeViewController.swift */ = {isa = PBXFileReference; fileEncoding = 4; lastKnownFileType = sourcecode.swift; path = HomeViewController.swift; sourceTree = "<group>"; };
		F6D4E5211F29D0BC00EC06AF /* MainCollectionViewCell.swift */ = {isa = PBXFileReference; fileEncoding = 4; lastKnownFileType = sourcecode.swift; path = MainCollectionViewCell.swift; sourceTree = "<group>"; };
		F6D4E5221F29D0BC00EC06AF /* MainCollectionViewCell.xib */ = {isa = PBXFileReference; fileEncoding = 4; lastKnownFileType = file.xib; path = MainCollectionViewCell.xib; sourceTree = "<group>"; };
		F6D4E5261F29D52000EC06AF /* TabBarViewController.swift */ = {isa = PBXFileReference; fileEncoding = 4; lastKnownFileType = sourcecode.swift; path = TabBarViewController.swift; sourceTree = "<group>"; };
		F6D4E5281F29D68000EC06AF /* MainCollectionViewController.swift */ = {isa = PBXFileReference; fileEncoding = 4; lastKnownFileType = sourcecode.swift; path = MainCollectionViewController.swift; sourceTree = "<group>"; };
/* End PBXFileReference section */

/* Begin PBXFrameworksBuildPhase section */
		F6D4E4F11F29C6BF00EC06AF /* Frameworks */ = {
			isa = PBXFrameworksBuildPhase;
			buildActionMask = 2147483647;
			files = (
			);
			runOnlyForDeploymentPostprocessing = 0;
		};
/* End PBXFrameworksBuildPhase section */

/* Begin PBXGroup section */
		F6D4E4EB1F29C6BF00EC06AF = {
			isa = PBXGroup;
			children = (
				F6D4E4F61F29C6BF00EC06AF /* ScorllableTabBar */,
				F6D4E4F51F29C6BF00EC06AF /* Products */,
			);
			sourceTree = "<group>";
		};
		F6D4E4F51F29C6BF00EC06AF /* Products */ = {
			isa = PBXGroup;
			children = (
				F6D4E4F41F29C6BF00EC06AF /* ScorllableTabBar.app */,
			);
			name = Products;
			sourceTree = "<group>";
		};
		F6D4E4F61F29C6BF00EC06AF /* ScorllableTabBar */ = {
			isa = PBXGroup;
			children = (
				F6D4E51C1F29CA4200EC06AF /* CollectionBasedScroll */,
				F6D4E4F71F29C6BF00EC06AF /* AppDelegate.swift */,
				F6D4E4FE1F29C6BF00EC06AF /* Assets.xcassets */,
				F6D4E5091F29C6F500EC06AF /* Main.storyboard */,
				F6D4E50A1F29C6F500EC06AF /* BasePageChildViewController.swift */,
				F6D4E50B1F29C6F500EC06AF /* HelloWorldViewController.swift */,
				F6D4E51B1F29CA1A00EC06AF /* TopCollectionViewCell */,
				F6D4E50E1F29C6F500EC06AF /* MainViewController.swift */,
				F6D4E50F1F29C6F500EC06AF /* SideScrollViewController.swift */,
				F6D4E5101F29C6F500EC06AF /* SpecificBaseViewController.swift */,
				F6D4E5111F29C6F500EC06AF /* ViewController.swift */,
				F6D4E5001F29C6BF00EC06AF /* LaunchScreen.storyboard */,
				F6D4E5031F29C6BF00EC06AF /* Info.plist */,
			);
			path = ScorllableTabBar;
			sourceTree = "<group>";
		};
		F6D4E51B1F29CA1A00EC06AF /* TopCollectionViewCell */ = {
			isa = PBXGroup;
			children = (
				F6D4E50C1F29C6F500EC06AF /* LabelCollectionViewCell.swift */,
				F6D4E50D1F29C6F500EC06AF /* LabelCollectionViewCell.xib */,
			);
			name = TopCollectionViewCell;
			sourceTree = "<group>";
		};
		F6D4E51C1F29CA4200EC06AF /* CollectionBasedScroll */ = {
			isa = PBXGroup;
			children = (
				F6D4E51D1F29CA9600EC06AF /* HomeViewController.swift */,
				F6D4E5251F29D12400EC06AF /* MainCell */,
				F6D4E5261F29D52000EC06AF /* TabBarViewController.swift */,
				F6D4E5281F29D68000EC06AF /* MainCollectionViewController.swift */,
			);
			name = CollectionBasedScroll;
			sourceTree = "<group>";
		};
		F6D4E5251F29D12400EC06AF /* MainCell */ = {
			isa = PBXGroup;
			children = (
				F6D4E5211F29D0BC00EC06AF /* MainCollectionViewCell.swift */,
				F6D4E5221F29D0BC00EC06AF /* MainCollectionViewCell.xib */,
			);
			name = MainCell;
			sourceTree = "<group>";
		};
/* End PBXGroup section */

/* Begin PBXNativeTarget section */
		F6D4E4F31F29C6BF00EC06AF /* ScorllableTabBar */ = {
			isa = PBXNativeTarget;
			buildConfigurationList = F6D4E5061F29C6BF00EC06AF /* Build configuration list for PBXNativeTarget "ScorllableTabBar" */;
			buildPhases = (
				F6D4E4F01F29C6BF00EC06AF /* Sources */,
				F6D4E4F11F29C6BF00EC06AF /* Frameworks */,
				F6D4E4F21F29C6BF00EC06AF /* Resources */,
			);
			buildRules = (
			);
			dependencies = (
			);
			name = ScorllableTabBar;
			productName = ScorllableTabBar;
			productReference = F6D4E4F41F29C6BF00EC06AF /* ScorllableTabBar.app */;
			productType = "com.apple.product-type.application";
		};
/* End PBXNativeTarget section */

/* Begin PBXProject section */
		F6D4E4EC1F29C6BF00EC06AF /* Project object */ = {
			isa = PBXProject;
			attributes = {
				LastSwiftUpdateCheck = 0830;
				LastUpgradeCheck = 0830;
				ORGANIZATIONNAME = "Shrilakshmi Kulkarni";
				TargetAttributes = {
					F6D4E4F31F29C6BF00EC06AF = {
						CreatedOnToolsVersion = 8.3.1;
						DevelopmentTeam = RP77JC4LJQ;
						ProvisioningStyle = Automatic;
					};
				};
			};
			buildConfigurationList = F6D4E4EF1F29C6BF00EC06AF /* Build configuration list for PBXProject "ScorllableTabBar" */;
			compatibilityVersion = "Xcode 3.2";
			developmentRegion = English;
			hasScannedForEncodings = 0;
			knownRegions = (
				en,
				Base,
			);
			mainGroup = F6D4E4EB1F29C6BF00EC06AF;
			productRefGroup = F6D4E4F51F29C6BF00EC06AF /* Products */;
			projectDirPath = "";
			projectRoot = "";
			targets = (
				F6D4E4F31F29C6BF00EC06AF /* ScorllableTabBar */,
			);
		};
/* End PBXProject section */

/* Begin PBXResourcesBuildPhase section */
		F6D4E4F21F29C6BF00EC06AF /* Resources */ = {
			isa = PBXResourcesBuildPhase;
			buildActionMask = 2147483647;
			files = (
				F6D4E5121F29C6F500EC06AF /* Main.storyboard in Resources */,
				F6D4E5021F29C6BF00EC06AF /* LaunchScreen.storyboard in Resources */,
				F6D4E4FF1F29C6BF00EC06AF /* Assets.xcassets in Resources */,
				F6D4E5241F29D0BC00EC06AF /* MainCollectionViewCell.xib in Resources */,
				F6D4E5161F29C6F500EC06AF /* LabelCollectionViewCell.xib in Resources */,
			);
			runOnlyForDeploymentPostprocessing = 0;
		};
/* End PBXResourcesBuildPhase section */

/* Begin PBXSourcesBuildPhase section */
		F6D4E4F01F29C6BF00EC06AF /* Sources */ = {
			isa = PBXSourcesBuildPhase;
			buildActionMask = 2147483647;
			files = (
				F6D4E4F81F29C6BF00EC06AF /* AppDelegate.swift in Sources */,
				F6D4E5291F29D68000EC06AF /* MainCollectionViewController.swift in Sources */,
				F6D4E5191F29C6F500EC06AF /* SpecificBaseViewController.swift in Sources */,
				F6D4E5271F29D52000EC06AF /* TabBarViewController.swift in Sources */,
				F6D4E5131F29C6F500EC06AF /* BasePageChildViewController.swift in Sources */,
				F6D4E5141F29C6F500EC06AF /* HelloWorldViewController.swift in Sources */,
				F6D4E5151F29C6F500EC06AF /* LabelCollectionViewCell.swift in Sources */,
				F6D4E51E1F29CA9600EC06AF /* HomeViewController.swift in Sources */,
				F6D4E5231F29D0BC00EC06AF /* MainCollectionViewCell.swift in Sources */,
				F6D4E5181F29C6F500EC06AF /* SideScrollViewController.swift in Sources */,
				F6D4E51A1F29C6F500EC06AF /* ViewController.swift in Sources */,
				F6D4E5171F29C6F500EC06AF /* MainViewController.swift in Sources */,
			);
			runOnlyForDeploymentPostprocessing = 0;
		};
/* End PBXSourcesBuildPhase section */

/* Begin PBXVariantGroup section */
		F6D4E5001F29C6BF00EC06AF /* LaunchScreen.storyboard */ = {
			isa = PBXVariantGroup;
			children = (
				F6D4E5011F29C6BF00EC06AF /* Base */,
			);
			name = LaunchScreen.storyboard;
			sourceTree = "<group>";
		};
/* End PBXVariantGroup section */

/* Begin XCBuildConfiguration section */
		F6D4E5041F29C6BF00EC06AF /* Debug */ = {
			isa = XCBuildConfiguration;
			buildSettings = {
				ALWAYS_SEARCH_USER_PATHS = NO;
				CLANG_ANALYZER_NONNULL = YES;
				CLANG_ANALYZER_NUMBER_OBJECT_CONVERSION = YES_AGGRESSIVE;
				CLANG_CXX_LANGUAGE_STANDARD = "gnu++0x";
				CLANG_CXX_LIBRARY = "libc++";
				CLANG_ENABLE_MODULES = YES;
				CLANG_ENABLE_OBJC_ARC = YES;
				CLANG_WARN_BOOL_CONVERSION = YES;
				CLANG_WARN_CONSTANT_CONVERSION = YES;
				CLANG_WARN_DIRECT_OBJC_ISA_USAGE = YES_ERROR;
				CLANG_WARN_DOCUMENTATION_COMMENTS = YES;
				CLANG_WARN_EMPTY_BODY = YES;
				CLANG_WARN_ENUM_CONVERSION = YES;
				CLANG_WARN_INFINITE_RECURSION = YES;
				CLANG_WARN_INT_CONVERSION = YES;
				CLANG_WARN_OBJC_ROOT_CLASS = YES_ERROR;
				CLANG_WARN_SUSPICIOUS_MOVE = YES;
				CLANG_WARN_UNREACHABLE_CODE = YES;
				CLANG_WARN__DUPLICATE_METHOD_MATCH = YES;
				"CODE_SIGN_IDENTITY[sdk=iphoneos*]" = "iPhone Developer";
				COPY_PHASE_STRIP = NO;
				DEBUG_INFORMATION_FORMAT = dwarf;
				ENABLE_STRICT_OBJC_MSGSEND = YES;
				ENABLE_TESTABILITY = YES;
				GCC_C_LANGUAGE_STANDARD = gnu99;
				GCC_DYNAMIC_NO_PIC = NO;
				GCC_NO_COMMON_BLOCKS = YES;
				GCC_OPTIMIZATION_LEVEL = 0;
				GCC_PREPROCESSOR_DEFINITIONS = (
					"DEBUG=1",
					"$(inherited)",
				);
				GCC_WARN_64_TO_32_BIT_CONVERSION = YES;
				GCC_WARN_ABOUT_RETURN_TYPE = YES_ERROR;
				GCC_WARN_UNDECLARED_SELECTOR = YES;
				GCC_WARN_UNINITIALIZED_AUTOS = YES_AGGRESSIVE;
				GCC_WARN_UNUSED_FUNCTION = YES;
				GCC_WARN_UNUSED_VARIABLE = YES;
				IPHONEOS_DEPLOYMENT_TARGET = 10.3;
				MTL_ENABLE_DEBUG_INFO = YES;
				ONLY_ACTIVE_ARCH = YES;
				SDKROOT = iphoneos;
				SWIFT_ACTIVE_COMPILATION_CONDITIONS = DEBUG;
				SWIFT_OPTIMIZATION_LEVEL = "-Onone";
			};
			name = Debug;
		};
		F6D4E5051F29C6BF00EC06AF /* Release */ = {
			isa = XCBuildConfiguration;
			buildSettings = {
				ALWAYS_SEARCH_USER_PATHS = NO;
				CLANG_ANALYZER_NONNULL = YES;
				CLANG_ANALYZER_NUMBER_OBJECT_CONVERSION = YES_AGGRESSIVE;
				CLANG_CXX_LANGUAGE_STANDARD = "gnu++0x";
				CLANG_CXX_LIBRARY = "libc++";
				CLANG_ENABLE_MODULES = YES;
				CLANG_ENABLE_OBJC_ARC = YES;
				CLANG_WARN_BOOL_CONVERSION = YES;
				CLANG_WARN_CONSTANT_CONVERSION = YES;
				CLANG_WARN_DIRECT_OBJC_ISA_USAGE = YES_ERROR;
				CLANG_WARN_DOCUMENTATION_COMMENTS = YES;
				CLANG_WARN_EMPTY_BODY = YES;
				CLANG_WARN_ENUM_CONVERSION = YES;
				CLANG_WARN_INFINITE_RECURSION = YES;
				CLANG_WARN_INT_CONVERSION = YES;
				CLANG_WARN_OBJC_ROOT_CLASS = YES_ERROR;
				CLANG_WARN_SUSPICIOUS_MOVE = YES;
				CLANG_WARN_UNREACHABLE_CODE = YES;
				CLANG_WARN__DUPLICATE_METHOD_MATCH = YES;
				"CODE_SIGN_IDENTITY[sdk=iphoneos*]" = "iPhone Developer";
				COPY_PHASE_STRIP = NO;
				DEBUG_INFORMATION_FORMAT = "dwarf-with-dsym";
				ENABLE_NS_ASSERTIONS = NO;
				ENABLE_STRICT_OBJC_MSGSEND = YES;
				GCC_C_LANGUAGE_STANDARD = gnu99;
				GCC_NO_COMMON_BLOCKS = YES;
				GCC_WARN_64_TO_32_BIT_CONVERSION = YES;
				GCC_WARN_ABOUT_RETURN_TYPE = YES_ERROR;
				GCC_WARN_UNDECLARED_SELECTOR = YES;
				GCC_WARN_UNINITIALIZED_AUTOS = YES_AGGRESSIVE;
				GCC_WARN_UNUSED_FUNCTION = YES;
				GCC_WARN_UNUSED_VARIABLE = YES;
				IPHONEOS_DEPLOYMENT_TARGET = 10.3;
				MTL_ENABLE_DEBUG_INFO = NO;
				SDKROOT = iphoneos;
				SWIFT_OPTIMIZATION_LEVEL = "-Owholemodule";
				VALIDATE_PRODUCT = YES;
			};
			name = Release;
		};
		F6D4E5071F29C6BF00EC06AF /* Debug */ = {
			isa = XCBuildConfiguration;
			buildSettings = {
				ASSETCATALOG_COMPILER_APPICON_NAME = AppIcon;
				DEVELOPMENT_TEAM = RP77JC4LJQ;
				INFOPLIST_FILE = ScorllableTabBar/Info.plist;
				LD_RUNPATH_SEARCH_PATHS = "$(inherited) @executable_path/Frameworks";
				PRODUCT_BUNDLE_IDENTIFIER = com.nidhi.Abc.ScorllableTabBar;
				PRODUCT_NAME = "$(TARGET_NAME)";
				SWIFT_VERSION = 3.0;
			};
			name = Debug;
		};
		F6D4E5081F29C6BF00EC06AF /* Release */ = {
			isa = XCBuildConfiguration;
			buildSettings = {
				ASSETCATALOG_COMPILER_APPICON_NAME = AppIcon;
				DEVELOPMENT_TEAM = RP77JC4LJQ;
				INFOPLIST_FILE = ScorllableTabBar/Info.plist;
				LD_RUNPATH_SEARCH_PATHS = "$(inherited) @executable_path/Frameworks";
				PRODUCT_BUNDLE_IDENTIFIER = com.nidhi.Abc.ScorllableTabBar;
				PRODUCT_NAME = "$(TARGET_NAME)";
				SWIFT_VERSION = 3.0;
			};
			name = Release;
		};
/* End XCBuildConfiguration section */

/* Begin XCConfigurationList section */
		F6D4E4EF1F29C6BF00EC06AF /* Build configuration list for PBXProject "ScorllableTabBar" */ = {
			isa = XCConfigurationList;
			buildConfigurations = (
				F6D4E5041F29C6BF00EC06AF /* Debug */,
				F6D4E5051F29C6BF00EC06AF /* Release */,
			);
			defaultConfigurationIsVisible = 0;
			defaultConfigurationName = Release;
		};
		F6D4E5061F29C6BF00EC06AF /* Build configuration list for PBXNativeTarget "ScorllableTabBar" */ = {
			isa = XCConfigurationList;
			buildConfigurations = (
				F6D4E5071F29C6BF00EC06AF /* Debug */,
				F6D4E5081F29C6BF00EC06AF /* Release */,
			);
			defaultConfigurationIsVisible = 0;
			defaultConfigurationName = Release;
		};
/* End XCConfigurationList section */
	};
	rootObject = F6D4E4EC1F29C6BF00EC06AF /* Project object */;
}
